
Microsoft Visual Studio Solution File, Format Version 12.00
# Visual Studio Version 16
VisualStudioVersion = 16.0.29911.84
MinimumVisualStudioVersion = 10.0.40219.1
Project("{FAE04EC0-301F-11D3-BF4B-00C04F79EFBC}") = "Visitare_n1", "Visitare_n1\Visitare_n1.csproj", "{4DDA7DCE-1645-4851-98F2-49F620D212F9}"
EndProject
Global
	GlobalSection(SolutionConfigurationPlatforms) = preSolution
		Debug|Any CPU = Debug|Any CPU
		Release|Any CPU = Release|Any CPU
	EndGlobalSection
	GlobalSection(ProjectConfigurationPlatforms) = postSolution
		{4DDA7DCE-1645-4851-98F2-49F620D212F9}.Debug|Any CPU.ActiveCfg = Debug|Any CPU
		{4DDA7DCE-1645-4851-98F2-49F620D212F9}.Debug|Any CPU.Build.0 = Debug|Any CPU
		{4DDA7DCE-1645-4851-98F2-49F620D212F9}.Release|Any CPU.ActiveCfg = Release|Any CPU
		{4DDA7DCE-1645-4851-98F2-49F620D212F9}.Release|Any CPU.Build.0 = Release|Any CPU
	EndGlobalSection
	GlobalSection(SolutionProperties) = preSolution
		HideSolutionNode = FALSE
	EndGlobalSection
	GlobalSection(ExtensibilityGlobals) = postSolution
		SolutionGuid = {BF97FF4A-5DBA-4785-86B3-797D5518C8C4}
	EndGlobalSection
EndGlobal
